{
    "name": "run_binary_example",
    "version": "0.1.0",
    "lockfileVersion": 2,
    "requires": true,
    "packages": {
        "": {
            "version": "0.1.0",
            "dependencies": {
                "is-thirteen": "^2.0.0"
            },
            "devDependencies": {
                "@bazel/bazelisk": "latest",
                "@bazel/buildifier": "latest",
                "@bazel/ibazel": "latest"
            }
        },
        "node_modules/@bazel/bazelisk": {
            "version": "1.10.1",
            "resolved": "https://registry.npmjs.org/@bazel/bazelisk/-/bazelisk-1.10.1.tgz",
            "integrity": "sha512-IHszNzBO2UrUy6YtsSAsZtnU6I6qpzXGkWdEvGoMxLgJnDsEnsIYniDCUjvjU1KAP+A03eepmCHlyFcRHMSxRA==",
            "dev": true,
            "bin": {
                "bazel": "bazelisk.js",
                "bazelisk": "bazelisk.js"
            }
        },
        "node_modules/@bazel/buildifier": {
            "version": "4.0.1",
            "resolved": "https://registry.npmjs.org/@bazel/buildifier/-/buildifier-4.0.1.tgz",
            "integrity": "sha512-BTmtvJbeeEVrqRApI1gr5hvPgYcHLpdGJ5EXNXEWO692ztMPSj5fB/dH0xUlaW45jn6LimYx8ymqTMhj3538og==",
            "dev": true,
            "bin": {
                "buildifier": "buildifier.js"
            }
        },
        "node_modules/@bazel/ibazel": {
            "version": "0.15.10",
            "resolved": "https://registry.npmjs.org/@bazel/ibazel/-/ibazel-0.15.10.tgz",
            "integrity": "sha512-0v+OwCQ6fsGFa50r6MXWbUkSGuWOoZ22K4pMSdtWiL5LKFIE4kfmMmtQS+M7/ICNwk2EIYob+NRreyi/DGUz5A==",
            "dev": true,
            "bin": {
                "ibazel": "index.js"
            }
        },
        "node_modules/is-thirteen": {
            "version": "2.0.0",
            "resolved": "https://registry.npmjs.org/is-thirteen/-/is-thirteen-2.0.0.tgz",
            "integrity": "sha1-otvQ9at+EKTQGG6aCyQmMiTT+bE=",
            "dependencies": {
                "noop3": "^13.7.2"
            }
        },
        "node_modules/noop3": {
            "version": "13.8.1",
            "resolved": "https://registry.npmjs.org/noop3/-/noop3-13.8.1.tgz",
            "integrity": "sha1-CuZBS21947bYUFXNKpIMGg1hrW4=",
            "engines": {
                "node": ">=0.10.0"
            }
        }
    },
    "dependencies": {
        "@bazel/bazelisk": {
            "version": "1.10.1",
            "resolved": "https://registry.npmjs.org/@bazel/bazelisk/-/bazelisk-1.10.1.tgz",
            "integrity": "sha512-IHszNzBO2UrUy6YtsSAsZtnU6I6qpzXGkWdEvGoMxLgJnDsEnsIYniDCUjvjU1KAP+A03eepmCHlyFcRHMSxRA==",
            "dev": true
        },
        "@bazel/buildifier": {
            "version": "4.0.1",
            "resolved": "https://registry.npmjs.org/@bazel/buildifier/-/buildifier-4.0.1.tgz",
            "integrity": "sha512-BTmtvJbeeEVrqRApI1gr5hvPgYcHLpdGJ5EXNXEWO692ztMPSj5fB/dH0xUlaW45jn6LimYx8ymqTMhj3538og==",
            "dev": true
        },
        "@bazel/ibazel": {
            "version": "0.15.10",
            "resolved": "https://registry.npmjs.org/@bazel/ibazel/-/ibazel-0.15.10.tgz",
            "integrity": "sha512-0v+OwCQ6fsGFa50r6MXWbUkSGuWOoZ22K4pMSdtWiL5LKFIE4kfmMmtQS+M7/ICNwk2EIYob+NRreyi/DGUz5A==",
            "dev": true
        },
        "is-thirteen": {
            "version": "2.0.0",
            "resolved": "https://registry.npmjs.org/is-thirteen/-/is-thirteen-2.0.0.tgz",
            "integrity": "sha1-otvQ9at+EKTQGG6aCyQmMiTT+bE=",
            "requires": {
                "noop3": "^13.7.2"
            }
        },
        "noop3": {
            "version": "13.8.1",
            "resolved": "https://registry.npmjs.org/noop3/-/noop3-13.8.1.tgz",
            "integrity": "sha1-CuZBS21947bYUFXNKpIMGg1hrW4="
        }
    }
}
